
Microsoft Visual Studio Solution File, Format Version 12.00
# Visual Studio Version 17
VisualStudioVersion = 17.8.34511.84
MinimumVisualStudioVersion = 10.0.40219.1
Project("{FAE04EC0-301F-11D3-BF4B-00C04F79EFBC}") = "Sanskript.Repo.Demo", "Sanskript.Repo.Demo\Sanskript.Repo.Demo.csproj", "{8013CA79-2AE0-49A1-949F-A5B673CD44E7}"
EndProject
Global
	GlobalSection(SolutionConfigurationPlatforms) = preSolution
		Debug|Any CPU = Debug|Any CPU
		Release|Any CPU = Release|Any CPU
	EndGlobalSection
	GlobalSection(ProjectConfigurationPlatforms) = postSolution
		{8013CA79-2AE0-49A1-949F-A5B673CD44E7}.Debug|Any CPU.ActiveCfg = Debug|Any CPU
		{8013CA79-2AE0-49A1-949F-A5B673CD44E7}.Debug|Any CPU.Build.0 = Debug|Any CPU
		{8013CA79-2AE0-49A1-949F-A5B673CD44E7}.Release|Any CPU.ActiveCfg = Release|Any CPU
		{8013CA79-2AE0-49A1-949F-A5B673CD44E7}.Release|Any CPU.Build.0 = Release|Any CPU
	EndGlobalSection
	GlobalSection(SolutionProperties) = preSolution
		HideSolutionNode = FALSE
	EndGlobalSection
	GlobalSection(ExtensibilityGlobals) = postSolution
		SolutionGuid = {B04E0AED-2CBA-4AA9-BABB-023B1DCDF10A}
	EndGlobalSection
EndGlobal
